<<<<<<< HEAD
﻿
Microsoft Visual Studio Solution File, Format Version 12.00
# Visual Studio 2013
VisualStudioVersion = 12.0.30501.0
MinimumVisualStudioVersion = 10.0.40219.1
Project("{FAE04EC0-301F-11D3-BF4B-00C04F79EFBC}") = "XamarinFormsTavern", "XamarinFormsTavern\XamarinFormsTavern\XamarinFormsTavern.csproj", "{ABE43226-1EF8-4220-B903-1D884CADC063}"
EndProject
Project("{FAE04EC0-301F-11D3-BF4B-00C04F79EFBC}") = "XamarinFormsTavern.iOS", "XamarinFormsTavern\XamarinFormsTavern.iOS\XamarinFormsTavern.iOS.csproj", "{A9C09B47-7704-418A-8E87-CA4557B3F5AD}"
EndProject
Project("{FAE04EC0-301F-11D3-BF4B-00C04F79EFBC}") = "XamarinFormsTavern.Android", "XamarinFormsTavern\XamarinFormsTavern.Android\XamarinFormsTavern.Android.csproj", "{4E746C95-C187-4012-B4E3-67A4A6BA0B27}"
EndProject
Project("{FAE04EC0-301F-11D3-BF4B-00C04F79EFBC}") = "XamarinFormsTavern.WinPhone", "XamarinFormsTavern\XamarinFormsTavern.WinPhone\XamarinFormsTavern.WinPhone.csproj", "{042BBC5D-479F-4927-BC27-A13857FCCCBB}"
EndProject
Global
	GlobalSection(SolutionConfigurationPlatforms) = preSolution
		Ad-Hoc|Any CPU = Ad-Hoc|Any CPU
		Ad-Hoc|ARM = Ad-Hoc|ARM
		Ad-Hoc|iPhone = Ad-Hoc|iPhone
		Ad-Hoc|iPhoneSimulator = Ad-Hoc|iPhoneSimulator
		Ad-Hoc|Mixed Platforms = Ad-Hoc|Mixed Platforms
		Ad-Hoc|x86 = Ad-Hoc|x86
		AppStore|Any CPU = AppStore|Any CPU
		AppStore|ARM = AppStore|ARM
		AppStore|iPhone = AppStore|iPhone
		AppStore|iPhoneSimulator = AppStore|iPhoneSimulator
		AppStore|Mixed Platforms = AppStore|Mixed Platforms
		AppStore|x86 = AppStore|x86
		Debug|Any CPU = Debug|Any CPU
		Debug|ARM = Debug|ARM
		Debug|iPhone = Debug|iPhone
		Debug|iPhoneSimulator = Debug|iPhoneSimulator
		Debug|Mixed Platforms = Debug|Mixed Platforms
		Debug|x86 = Debug|x86
		Release|Any CPU = Release|Any CPU
		Release|ARM = Release|ARM
		Release|iPhone = Release|iPhone
		Release|iPhoneSimulator = Release|iPhoneSimulator
		Release|Mixed Platforms = Release|Mixed Platforms
		Release|x86 = Release|x86
	EndGlobalSection
	GlobalSection(ProjectConfigurationPlatforms) = postSolution
		{ABE43226-1EF8-4220-B903-1D884CADC063}.Ad-Hoc|Any CPU.ActiveCfg = Release|Any CPU
		{ABE43226-1EF8-4220-B903-1D884CADC063}.Ad-Hoc|Any CPU.Build.0 = Release|Any CPU
		{ABE43226-1EF8-4220-B903-1D884CADC063}.Ad-Hoc|ARM.ActiveCfg = Release|Any CPU
		{ABE43226-1EF8-4220-B903-1D884CADC063}.Ad-Hoc|iPhone.ActiveCfg = Release|Any CPU
		{ABE43226-1EF8-4220-B903-1D884CADC063}.Ad-Hoc|iPhoneSimulator.ActiveCfg = Release|Any CPU
		{ABE43226-1EF8-4220-B903-1D884CADC063}.Ad-Hoc|Mixed Platforms.ActiveCfg = Release|Any CPU
		{ABE43226-1EF8-4220-B903-1D884CADC063}.Ad-Hoc|Mixed Platforms.Build.0 = Release|Any CPU
		{ABE43226-1EF8-4220-B903-1D884CADC063}.Ad-Hoc|x86.ActiveCfg = Release|Any CPU
		{ABE43226-1EF8-4220-B903-1D884CADC063}.AppStore|Any CPU.ActiveCfg = Release|Any CPU
		{ABE43226-1EF8-4220-B903-1D884CADC063}.AppStore|Any CPU.Build.0 = Release|Any CPU
		{ABE43226-1EF8-4220-B903-1D884CADC063}.AppStore|ARM.ActiveCfg = Release|Any CPU
		{ABE43226-1EF8-4220-B903-1D884CADC063}.AppStore|iPhone.ActiveCfg = Release|Any CPU
		{ABE43226-1EF8-4220-B903-1D884CADC063}.AppStore|iPhoneSimulator.ActiveCfg = Release|Any CPU
		{ABE43226-1EF8-4220-B903-1D884CADC063}.AppStore|Mixed Platforms.ActiveCfg = Release|Any CPU
		{ABE43226-1EF8-4220-B903-1D884CADC063}.AppStore|Mixed Platforms.Build.0 = Release|Any CPU
		{ABE43226-1EF8-4220-B903-1D884CADC063}.AppStore|x86.ActiveCfg = Release|Any CPU
		{ABE43226-1EF8-4220-B903-1D884CADC063}.Debug|Any CPU.ActiveCfg = Debug|Any CPU
		{ABE43226-1EF8-4220-B903-1D884CADC063}.Debug|Any CPU.Build.0 = Debug|Any CPU
		{ABE43226-1EF8-4220-B903-1D884CADC063}.Debug|ARM.ActiveCfg = Debug|Any CPU
		{ABE43226-1EF8-4220-B903-1D884CADC063}.Debug|iPhone.ActiveCfg = Debug|Any CPU
		{ABE43226-1EF8-4220-B903-1D884CADC063}.Debug|iPhoneSimulator.ActiveCfg = Debug|Any CPU
		{ABE43226-1EF8-4220-B903-1D884CADC063}.Debug|Mixed Platforms.ActiveCfg = Debug|Any CPU
		{ABE43226-1EF8-4220-B903-1D884CADC063}.Debug|Mixed Platforms.Build.0 = Debug|Any CPU
		{ABE43226-1EF8-4220-B903-1D884CADC063}.Debug|x86.ActiveCfg = Debug|Any CPU
		{ABE43226-1EF8-4220-B903-1D884CADC063}.Release|Any CPU.ActiveCfg = Release|Any CPU
		{ABE43226-1EF8-4220-B903-1D884CADC063}.Release|Any CPU.Build.0 = Release|Any CPU
		{ABE43226-1EF8-4220-B903-1D884CADC063}.Release|ARM.ActiveCfg = Release|Any CPU
		{ABE43226-1EF8-4220-B903-1D884CADC063}.Release|iPhone.ActiveCfg = Release|Any CPU
		{ABE43226-1EF8-4220-B903-1D884CADC063}.Release|iPhoneSimulator.ActiveCfg = Release|Any CPU
		{ABE43226-1EF8-4220-B903-1D884CADC063}.Release|Mixed Platforms.ActiveCfg = Release|Any CPU
		{ABE43226-1EF8-4220-B903-1D884CADC063}.Release|Mixed Platforms.Build.0 = Release|Any CPU
		{ABE43226-1EF8-4220-B903-1D884CADC063}.Release|x86.ActiveCfg = Release|Any CPU
		{A9C09B47-7704-418A-8E87-CA4557B3F5AD}.Ad-Hoc|Any CPU.ActiveCfg = Ad-Hoc|iPhone
		{A9C09B47-7704-418A-8E87-CA4557B3F5AD}.Ad-Hoc|ARM.ActiveCfg = Ad-Hoc|iPhone
		{A9C09B47-7704-418A-8E87-CA4557B3F5AD}.Ad-Hoc|iPhone.ActiveCfg = Ad-Hoc|iPhone
		{A9C09B47-7704-418A-8E87-CA4557B3F5AD}.Ad-Hoc|iPhone.Build.0 = Ad-Hoc|iPhone
		{A9C09B47-7704-418A-8E87-CA4557B3F5AD}.Ad-Hoc|iPhone.Deploy.0 = Ad-Hoc|iPhone
		{A9C09B47-7704-418A-8E87-CA4557B3F5AD}.Ad-Hoc|iPhoneSimulator.ActiveCfg = Ad-Hoc|iPhoneSimulator
		{A9C09B47-7704-418A-8E87-CA4557B3F5AD}.Ad-Hoc|iPhoneSimulator.Build.0 = Ad-Hoc|iPhoneSimulator
		{A9C09B47-7704-418A-8E87-CA4557B3F5AD}.Ad-Hoc|iPhoneSimulator.Deploy.0 = Ad-Hoc|iPhoneSimulator
		{A9C09B47-7704-418A-8E87-CA4557B3F5AD}.Ad-Hoc|Mixed Platforms.ActiveCfg = Ad-Hoc|iPhone
		{A9C09B47-7704-418A-8E87-CA4557B3F5AD}.Ad-Hoc|Mixed Platforms.Build.0 = Ad-Hoc|iPhone
		{A9C09B47-7704-418A-8E87-CA4557B3F5AD}.Ad-Hoc|Mixed Platforms.Deploy.0 = Ad-Hoc|iPhone
		{A9C09B47-7704-418A-8E87-CA4557B3F5AD}.Ad-Hoc|x86.ActiveCfg = Ad-Hoc|iPhone
		{A9C09B47-7704-418A-8E87-CA4557B3F5AD}.AppStore|Any CPU.ActiveCfg = AppStore|iPhone
		{A9C09B47-7704-418A-8E87-CA4557B3F5AD}.AppStore|ARM.ActiveCfg = AppStore|iPhone
		{A9C09B47-7704-418A-8E87-CA4557B3F5AD}.AppStore|iPhone.ActiveCfg = AppStore|iPhone
		{A9C09B47-7704-418A-8E87-CA4557B3F5AD}.AppStore|iPhone.Build.0 = AppStore|iPhone
		{A9C09B47-7704-418A-8E87-CA4557B3F5AD}.AppStore|iPhone.Deploy.0 = AppStore|iPhone
		{A9C09B47-7704-418A-8E87-CA4557B3F5AD}.AppStore|iPhoneSimulator.ActiveCfg = AppStore|iPhoneSimulator
		{A9C09B47-7704-418A-8E87-CA4557B3F5AD}.AppStore|iPhoneSimulator.Build.0 = AppStore|iPhoneSimulator
		{A9C09B47-7704-418A-8E87-CA4557B3F5AD}.AppStore|iPhoneSimulator.Deploy.0 = AppStore|iPhoneSimulator
		{A9C09B47-7704-418A-8E87-CA4557B3F5AD}.AppStore|Mixed Platforms.ActiveCfg = AppStore|iPhone
		{A9C09B47-7704-418A-8E87-CA4557B3F5AD}.AppStore|Mixed Platforms.Build.0 = AppStore|iPhone
		{A9C09B47-7704-418A-8E87-CA4557B3F5AD}.AppStore|Mixed Platforms.Deploy.0 = AppStore|iPhone
		{A9C09B47-7704-418A-8E87-CA4557B3F5AD}.AppStore|x86.ActiveCfg = AppStore|iPhone
		{A9C09B47-7704-418A-8E87-CA4557B3F5AD}.Debug|Any CPU.ActiveCfg = Debug|iPhone
		{A9C09B47-7704-418A-8E87-CA4557B3F5AD}.Debug|ARM.ActiveCfg = Debug|iPhone
		{A9C09B47-7704-418A-8E87-CA4557B3F5AD}.Debug|iPhone.ActiveCfg = Debug|iPhone
		{A9C09B47-7704-418A-8E87-CA4557B3F5AD}.Debug|iPhone.Build.0 = Debug|iPhone
		{A9C09B47-7704-418A-8E87-CA4557B3F5AD}.Debug|iPhone.Deploy.0 = Debug|iPhone
		{A9C09B47-7704-418A-8E87-CA4557B3F5AD}.Debug|iPhoneSimulator.ActiveCfg = Debug|iPhoneSimulator
		{A9C09B47-7704-418A-8E87-CA4557B3F5AD}.Debug|iPhoneSimulator.Build.0 = Debug|iPhoneSimulator
		{A9C09B47-7704-418A-8E87-CA4557B3F5AD}.Debug|iPhoneSimulator.Deploy.0 = Debug|iPhoneSimulator
		{A9C09B47-7704-418A-8E87-CA4557B3F5AD}.Debug|Mixed Platforms.ActiveCfg = Debug|iPhone
		{A9C09B47-7704-418A-8E87-CA4557B3F5AD}.Debug|x86.ActiveCfg = Debug|iPhone
		{A9C09B47-7704-418A-8E87-CA4557B3F5AD}.Release|Any CPU.ActiveCfg = Release|iPhone
		{A9C09B47-7704-418A-8E87-CA4557B3F5AD}.Release|ARM.ActiveCfg = Release|iPhone
		{A9C09B47-7704-418A-8E87-CA4557B3F5AD}.Release|iPhone.ActiveCfg = Release|iPhone
		{A9C09B47-7704-418A-8E87-CA4557B3F5AD}.Release|iPhone.Build.0 = Release|iPhone
		{A9C09B47-7704-418A-8E87-CA4557B3F5AD}.Release|iPhone.Deploy.0 = Release|iPhone
		{A9C09B47-7704-418A-8E87-CA4557B3F5AD}.Release|iPhoneSimulator.ActiveCfg = Release|iPhoneSimulator
		{A9C09B47-7704-418A-8E87-CA4557B3F5AD}.Release|iPhoneSimulator.Build.0 = Release|iPhoneSimulator
		{A9C09B47-7704-418A-8E87-CA4557B3F5AD}.Release|iPhoneSimulator.Deploy.0 = Release|iPhoneSimulator
		{A9C09B47-7704-418A-8E87-CA4557B3F5AD}.Release|Mixed Platforms.ActiveCfg = Release|iPhone
		{A9C09B47-7704-418A-8E87-CA4557B3F5AD}.Release|Mixed Platforms.Build.0 = Release|iPhone
		{A9C09B47-7704-418A-8E87-CA4557B3F5AD}.Release|Mixed Platforms.Deploy.0 = Release|iPhone
		{A9C09B47-7704-418A-8E87-CA4557B3F5AD}.Release|x86.ActiveCfg = Release|iPhone
		{4E746C95-C187-4012-B4E3-67A4A6BA0B27}.Ad-Hoc|Any CPU.ActiveCfg = Release|Any CPU
		{4E746C95-C187-4012-B4E3-67A4A6BA0B27}.Ad-Hoc|Any CPU.Build.0 = Release|Any CPU
		{4E746C95-C187-4012-B4E3-67A4A6BA0B27}.Ad-Hoc|Any CPU.Deploy.0 = Release|Any CPU
		{4E746C95-C187-4012-B4E3-67A4A6BA0B27}.Ad-Hoc|ARM.ActiveCfg = Release|Any CPU
		{4E746C95-C187-4012-B4E3-67A4A6BA0B27}.Ad-Hoc|iPhone.ActiveCfg = Release|Any CPU
		{4E746C95-C187-4012-B4E3-67A4A6BA0B27}.Ad-Hoc|iPhoneSimulator.ActiveCfg = Release|Any CPU
		{4E746C95-C187-4012-B4E3-67A4A6BA0B27}.Ad-Hoc|Mixed Platforms.ActiveCfg = Release|Any CPU
		{4E746C95-C187-4012-B4E3-67A4A6BA0B27}.Ad-Hoc|Mixed Platforms.Build.0 = Release|Any CPU
		{4E746C95-C187-4012-B4E3-67A4A6BA0B27}.Ad-Hoc|Mixed Platforms.Deploy.0 = Release|Any CPU
		{4E746C95-C187-4012-B4E3-67A4A6BA0B27}.Ad-Hoc|x86.ActiveCfg = Release|Any CPU
		{4E746C95-C187-4012-B4E3-67A4A6BA0B27}.AppStore|Any CPU.ActiveCfg = Release|Any CPU
		{4E746C95-C187-4012-B4E3-67A4A6BA0B27}.AppStore|Any CPU.Build.0 = Release|Any CPU
		{4E746C95-C187-4012-B4E3-67A4A6BA0B27}.AppStore|Any CPU.Deploy.0 = Release|Any CPU
		{4E746C95-C187-4012-B4E3-67A4A6BA0B27}.AppStore|ARM.ActiveCfg = Release|Any CPU
		{4E746C95-C187-4012-B4E3-67A4A6BA0B27}.AppStore|iPhone.ActiveCfg = Release|Any CPU
		{4E746C95-C187-4012-B4E3-67A4A6BA0B27}.AppStore|iPhoneSimulator.ActiveCfg = Release|Any CPU
		{4E746C95-C187-4012-B4E3-67A4A6BA0B27}.AppStore|Mixed Platforms.ActiveCfg = Release|Any CPU
		{4E746C95-C187-4012-B4E3-67A4A6BA0B27}.AppStore|Mixed Platforms.Build.0 = Release|Any CPU
		{4E746C95-C187-4012-B4E3-67A4A6BA0B27}.AppStore|Mixed Platforms.Deploy.0 = Release|Any CPU
		{4E746C95-C187-4012-B4E3-67A4A6BA0B27}.AppStore|x86.ActiveCfg = Release|Any CPU
		{4E746C95-C187-4012-B4E3-67A4A6BA0B27}.Debug|Any CPU.ActiveCfg = Debug|Any CPU
		{4E746C95-C187-4012-B4E3-67A4A6BA0B27}.Debug|Any CPU.Build.0 = Debug|Any CPU
		{4E746C95-C187-4012-B4E3-67A4A6BA0B27}.Debug|Any CPU.Deploy.0 = Debug|Any CPU
		{4E746C95-C187-4012-B4E3-67A4A6BA0B27}.Debug|ARM.ActiveCfg = Debug|Any CPU
		{4E746C95-C187-4012-B4E3-67A4A6BA0B27}.Debug|iPhone.ActiveCfg = Debug|Any CPU
		{4E746C95-C187-4012-B4E3-67A4A6BA0B27}.Debug|iPhoneSimulator.ActiveCfg = Debug|Any CPU
		{4E746C95-C187-4012-B4E3-67A4A6BA0B27}.Debug|Mixed Platforms.ActiveCfg = Debug|Any CPU
		{4E746C95-C187-4012-B4E3-67A4A6BA0B27}.Debug|x86.ActiveCfg = Debug|Any CPU
		{4E746C95-C187-4012-B4E3-67A4A6BA0B27}.Release|Any CPU.ActiveCfg = Release|Any CPU
		{4E746C95-C187-4012-B4E3-67A4A6BA0B27}.Release|Any CPU.Build.0 = Release|Any CPU
		{4E746C95-C187-4012-B4E3-67A4A6BA0B27}.Release|Any CPU.Deploy.0 = Release|Any CPU
		{4E746C95-C187-4012-B4E3-67A4A6BA0B27}.Release|ARM.ActiveCfg = Release|Any CPU
		{4E746C95-C187-4012-B4E3-67A4A6BA0B27}.Release|iPhone.ActiveCfg = Release|Any CPU
		{4E746C95-C187-4012-B4E3-67A4A6BA0B27}.Release|iPhoneSimulator.ActiveCfg = Release|Any CPU
		{4E746C95-C187-4012-B4E3-67A4A6BA0B27}.Release|Mixed Platforms.ActiveCfg = Release|Any CPU
		{4E746C95-C187-4012-B4E3-67A4A6BA0B27}.Release|Mixed Platforms.Build.0 = Release|Any CPU
		{4E746C95-C187-4012-B4E3-67A4A6BA0B27}.Release|Mixed Platforms.Deploy.0 = Release|Any CPU
		{4E746C95-C187-4012-B4E3-67A4A6BA0B27}.Release|x86.ActiveCfg = Release|Any CPU
		{042BBC5D-479F-4927-BC27-A13857FCCCBB}.Ad-Hoc|Any CPU.ActiveCfg = Release|Any CPU
		{042BBC5D-479F-4927-BC27-A13857FCCCBB}.Ad-Hoc|Any CPU.Build.0 = Release|Any CPU
		{042BBC5D-479F-4927-BC27-A13857FCCCBB}.Ad-Hoc|Any CPU.Deploy.0 = Release|Any CPU
		{042BBC5D-479F-4927-BC27-A13857FCCCBB}.Ad-Hoc|ARM.ActiveCfg = Release|ARM
		{042BBC5D-479F-4927-BC27-A13857FCCCBB}.Ad-Hoc|ARM.Build.0 = Release|ARM
		{042BBC5D-479F-4927-BC27-A13857FCCCBB}.Ad-Hoc|ARM.Deploy.0 = Release|ARM
		{042BBC5D-479F-4927-BC27-A13857FCCCBB}.Ad-Hoc|iPhone.ActiveCfg = Release|Any CPU
		{042BBC5D-479F-4927-BC27-A13857FCCCBB}.Ad-Hoc|iPhoneSimulator.ActiveCfg = Release|Any CPU
		{042BBC5D-479F-4927-BC27-A13857FCCCBB}.Ad-Hoc|Mixed Platforms.ActiveCfg = Release|x86
		{042BBC5D-479F-4927-BC27-A13857FCCCBB}.Ad-Hoc|Mixed Platforms.Build.0 = Release|x86
		{042BBC5D-479F-4927-BC27-A13857FCCCBB}.Ad-Hoc|Mixed Platforms.Deploy.0 = Release|x86
		{042BBC5D-479F-4927-BC27-A13857FCCCBB}.Ad-Hoc|x86.ActiveCfg = Release|x86
		{042BBC5D-479F-4927-BC27-A13857FCCCBB}.Ad-Hoc|x86.Build.0 = Release|x86
		{042BBC5D-479F-4927-BC27-A13857FCCCBB}.Ad-Hoc|x86.Deploy.0 = Release|x86
		{042BBC5D-479F-4927-BC27-A13857FCCCBB}.AppStore|Any CPU.ActiveCfg = Release|Any CPU
		{042BBC5D-479F-4927-BC27-A13857FCCCBB}.AppStore|Any CPU.Build.0 = Release|Any CPU
		{042BBC5D-479F-4927-BC27-A13857FCCCBB}.AppStore|Any CPU.Deploy.0 = Release|Any CPU
		{042BBC5D-479F-4927-BC27-A13857FCCCBB}.AppStore|ARM.ActiveCfg = Release|ARM
		{042BBC5D-479F-4927-BC27-A13857FCCCBB}.AppStore|ARM.Build.0 = Release|ARM
		{042BBC5D-479F-4927-BC27-A13857FCCCBB}.AppStore|ARM.Deploy.0 = Release|ARM
		{042BBC5D-479F-4927-BC27-A13857FCCCBB}.AppStore|iPhone.ActiveCfg = Release|Any CPU
		{042BBC5D-479F-4927-BC27-A13857FCCCBB}.AppStore|iPhoneSimulator.ActiveCfg = Release|Any CPU
		{042BBC5D-479F-4927-BC27-A13857FCCCBB}.AppStore|Mixed Platforms.ActiveCfg = Release|x86
		{042BBC5D-479F-4927-BC27-A13857FCCCBB}.AppStore|Mixed Platforms.Build.0 = Release|x86
		{042BBC5D-479F-4927-BC27-A13857FCCCBB}.AppStore|Mixed Platforms.Deploy.0 = Release|x86
		{042BBC5D-479F-4927-BC27-A13857FCCCBB}.AppStore|x86.ActiveCfg = Release|x86
		{042BBC5D-479F-4927-BC27-A13857FCCCBB}.AppStore|x86.Build.0 = Release|x86
		{042BBC5D-479F-4927-BC27-A13857FCCCBB}.AppStore|x86.Deploy.0 = Release|x86
		{042BBC5D-479F-4927-BC27-A13857FCCCBB}.Debug|Any CPU.ActiveCfg = Debug|Any CPU
		{042BBC5D-479F-4927-BC27-A13857FCCCBB}.Debug|Any CPU.Build.0 = Debug|Any CPU
		{042BBC5D-479F-4927-BC27-A13857FCCCBB}.Debug|Any CPU.Deploy.0 = Debug|Any CPU
		{042BBC5D-479F-4927-BC27-A13857FCCCBB}.Debug|ARM.ActiveCfg = Debug|ARM
		{042BBC5D-479F-4927-BC27-A13857FCCCBB}.Debug|ARM.Build.0 = Debug|ARM
		{042BBC5D-479F-4927-BC27-A13857FCCCBB}.Debug|ARM.Deploy.0 = Debug|ARM
		{042BBC5D-479F-4927-BC27-A13857FCCCBB}.Debug|iPhone.ActiveCfg = Debug|Any CPU
		{042BBC5D-479F-4927-BC27-A13857FCCCBB}.Debug|iPhoneSimulator.ActiveCfg = Debug|Any CPU
		{042BBC5D-479F-4927-BC27-A13857FCCCBB}.Debug|Mixed Platforms.ActiveCfg = Debug|x86
		{042BBC5D-479F-4927-BC27-A13857FCCCBB}.Debug|Mixed Platforms.Build.0 = Debug|x86
		{042BBC5D-479F-4927-BC27-A13857FCCCBB}.Debug|Mixed Platforms.Deploy.0 = Debug|x86
		{042BBC5D-479F-4927-BC27-A13857FCCCBB}.Debug|x86.ActiveCfg = Debug|x86
		{042BBC5D-479F-4927-BC27-A13857FCCCBB}.Debug|x86.Build.0 = Debug|x86
		{042BBC5D-479F-4927-BC27-A13857FCCCBB}.Debug|x86.Deploy.0 = Debug|x86
		{042BBC5D-479F-4927-BC27-A13857FCCCBB}.Release|Any CPU.ActiveCfg = Release|Any CPU
		{042BBC5D-479F-4927-BC27-A13857FCCCBB}.Release|Any CPU.Build.0 = Release|Any CPU
		{042BBC5D-479F-4927-BC27-A13857FCCCBB}.Release|Any CPU.Deploy.0 = Release|Any CPU
		{042BBC5D-479F-4927-BC27-A13857FCCCBB}.Release|ARM.ActiveCfg = Release|ARM
		{042BBC5D-479F-4927-BC27-A13857FCCCBB}.Release|ARM.Build.0 = Release|ARM
		{042BBC5D-479F-4927-BC27-A13857FCCCBB}.Release|ARM.Deploy.0 = Release|ARM
		{042BBC5D-479F-4927-BC27-A13857FCCCBB}.Release|iPhone.ActiveCfg = Release|Any CPU
		{042BBC5D-479F-4927-BC27-A13857FCCCBB}.Release|iPhoneSimulator.ActiveCfg = Release|Any CPU
		{042BBC5D-479F-4927-BC27-A13857FCCCBB}.Release|Mixed Platforms.ActiveCfg = Release|x86
		{042BBC5D-479F-4927-BC27-A13857FCCCBB}.Release|Mixed Platforms.Build.0 = Release|x86
		{042BBC5D-479F-4927-BC27-A13857FCCCBB}.Release|Mixed Platforms.Deploy.0 = Release|x86
		{042BBC5D-479F-4927-BC27-A13857FCCCBB}.Release|x86.ActiveCfg = Release|x86
		{042BBC5D-479F-4927-BC27-A13857FCCCBB}.Release|x86.Build.0 = Release|x86
		{042BBC5D-479F-4927-BC27-A13857FCCCBB}.Release|x86.Deploy.0 = Release|x86
	EndGlobalSection
	GlobalSection(SolutionProperties) = preSolution
		HideSolutionNode = FALSE
	EndGlobalSection
EndGlobal
=======
﻿
Microsoft Visual Studio Solution File, Format Version 12.00
# Visual Studio 2013
VisualStudioVersion = 12.0.30501.0
MinimumVisualStudioVersion = 10.0.40219.1
Project("{FAE04EC0-301F-11D3-BF4B-00C04F79EFBC}") = "XamarinFormsTavern", "XamarinFormsTavern\XamarinFormsTavern\XamarinFormsTavern.csproj", "{ABE43226-1EF8-4220-B903-1D884CADC063}"
EndProject
Project("{FAE04EC0-301F-11D3-BF4B-00C04F79EFBC}") = "XamarinFormsTavern.iOS", "XamarinFormsTavern\XamarinFormsTavern.iOS\XamarinFormsTavern.iOS.csproj", "{A9C09B47-7704-418A-8E87-CA4557B3F5AD}"
EndProject
Project("{FAE04EC0-301F-11D3-BF4B-00C04F79EFBC}") = "XamarinFormsTavern.Android", "XamarinFormsTavern\XamarinFormsTavern.Android\XamarinFormsTavern.Android.csproj", "{4E746C95-C187-4012-B4E3-67A4A6BA0B27}"
EndProject
Project("{FAE04EC0-301F-11D3-BF4B-00C04F79EFBC}") = "XamarinFormsTavern.WinPhone", "XamarinFormsTavern\XamarinFormsTavern.WinPhone\XamarinFormsTavern.WinPhone.csproj", "{042BBC5D-479F-4927-BC27-A13857FCCCBB}"
EndProject
Global
	GlobalSection(SolutionConfigurationPlatforms) = preSolution
		Ad-Hoc|Any CPU = Ad-Hoc|Any CPU
		Ad-Hoc|ARM = Ad-Hoc|ARM
		Ad-Hoc|iPhone = Ad-Hoc|iPhone
		Ad-Hoc|iPhoneSimulator = Ad-Hoc|iPhoneSimulator
		Ad-Hoc|Mixed Platforms = Ad-Hoc|Mixed Platforms
		Ad-Hoc|x86 = Ad-Hoc|x86
		AppStore|Any CPU = AppStore|Any CPU
		AppStore|ARM = AppStore|ARM
		AppStore|iPhone = AppStore|iPhone
		AppStore|iPhoneSimulator = AppStore|iPhoneSimulator
		AppStore|Mixed Platforms = AppStore|Mixed Platforms
		AppStore|x86 = AppStore|x86
		Debug|Any CPU = Debug|Any CPU
		Debug|ARM = Debug|ARM
		Debug|iPhone = Debug|iPhone
		Debug|iPhoneSimulator = Debug|iPhoneSimulator
		Debug|Mixed Platforms = Debug|Mixed Platforms
		Debug|x86 = Debug|x86
		Release|Any CPU = Release|Any CPU
		Release|ARM = Release|ARM
		Release|iPhone = Release|iPhone
		Release|iPhoneSimulator = Release|iPhoneSimulator
		Release|Mixed Platforms = Release|Mixed Platforms
		Release|x86 = Release|x86
	EndGlobalSection
	GlobalSection(ProjectConfigurationPlatforms) = postSolution
		{ABE43226-1EF8-4220-B903-1D884CADC063}.Ad-Hoc|Any CPU.ActiveCfg = Release|Any CPU
		{ABE43226-1EF8-4220-B903-1D884CADC063}.Ad-Hoc|Any CPU.Build.0 = Release|Any CPU
		{ABE43226-1EF8-4220-B903-1D884CADC063}.Ad-Hoc|ARM.ActiveCfg = Release|Any CPU
		{ABE43226-1EF8-4220-B903-1D884CADC063}.Ad-Hoc|iPhone.ActiveCfg = Release|Any CPU
		{ABE43226-1EF8-4220-B903-1D884CADC063}.Ad-Hoc|iPhoneSimulator.ActiveCfg = Release|Any CPU
		{ABE43226-1EF8-4220-B903-1D884CADC063}.Ad-Hoc|Mixed Platforms.ActiveCfg = Release|Any CPU
		{ABE43226-1EF8-4220-B903-1D884CADC063}.Ad-Hoc|Mixed Platforms.Build.0 = Release|Any CPU
		{ABE43226-1EF8-4220-B903-1D884CADC063}.Ad-Hoc|x86.ActiveCfg = Release|Any CPU
		{ABE43226-1EF8-4220-B903-1D884CADC063}.AppStore|Any CPU.ActiveCfg = Release|Any CPU
		{ABE43226-1EF8-4220-B903-1D884CADC063}.AppStore|Any CPU.Build.0 = Release|Any CPU
		{ABE43226-1EF8-4220-B903-1D884CADC063}.AppStore|ARM.ActiveCfg = Release|Any CPU
		{ABE43226-1EF8-4220-B903-1D884CADC063}.AppStore|iPhone.ActiveCfg = Release|Any CPU
		{ABE43226-1EF8-4220-B903-1D884CADC063}.AppStore|iPhoneSimulator.ActiveCfg = Release|Any CPU
		{ABE43226-1EF8-4220-B903-1D884CADC063}.AppStore|Mixed Platforms.ActiveCfg = Release|Any CPU
		{ABE43226-1EF8-4220-B903-1D884CADC063}.AppStore|Mixed Platforms.Build.0 = Release|Any CPU
		{ABE43226-1EF8-4220-B903-1D884CADC063}.AppStore|x86.ActiveCfg = Release|Any CPU
		{ABE43226-1EF8-4220-B903-1D884CADC063}.Debug|Any CPU.ActiveCfg = Debug|Any CPU
		{ABE43226-1EF8-4220-B903-1D884CADC063}.Debug|Any CPU.Build.0 = Debug|Any CPU
		{ABE43226-1EF8-4220-B903-1D884CADC063}.Debug|ARM.ActiveCfg = Debug|Any CPU
		{ABE43226-1EF8-4220-B903-1D884CADC063}.Debug|iPhone.ActiveCfg = Debug|Any CPU
		{ABE43226-1EF8-4220-B903-1D884CADC063}.Debug|iPhoneSimulator.ActiveCfg = Debug|Any CPU
		{ABE43226-1EF8-4220-B903-1D884CADC063}.Debug|Mixed Platforms.ActiveCfg = Debug|Any CPU
		{ABE43226-1EF8-4220-B903-1D884CADC063}.Debug|Mixed Platforms.Build.0 = Debug|Any CPU
		{ABE43226-1EF8-4220-B903-1D884CADC063}.Debug|x86.ActiveCfg = Debug|Any CPU
		{ABE43226-1EF8-4220-B903-1D884CADC063}.Release|Any CPU.ActiveCfg = Release|Any CPU
		{ABE43226-1EF8-4220-B903-1D884CADC063}.Release|Any CPU.Build.0 = Release|Any CPU
		{ABE43226-1EF8-4220-B903-1D884CADC063}.Release|ARM.ActiveCfg = Release|Any CPU
		{ABE43226-1EF8-4220-B903-1D884CADC063}.Release|iPhone.ActiveCfg = Release|Any CPU
		{ABE43226-1EF8-4220-B903-1D884CADC063}.Release|iPhoneSimulator.ActiveCfg = Release|Any CPU
		{ABE43226-1EF8-4220-B903-1D884CADC063}.Release|Mixed Platforms.ActiveCfg = Release|Any CPU
		{ABE43226-1EF8-4220-B903-1D884CADC063}.Release|Mixed Platforms.Build.0 = Release|Any CPU
		{ABE43226-1EF8-4220-B903-1D884CADC063}.Release|x86.ActiveCfg = Release|Any CPU
		{A9C09B47-7704-418A-8E87-CA4557B3F5AD}.Ad-Hoc|Any CPU.ActiveCfg = Ad-Hoc|iPhone
		{A9C09B47-7704-418A-8E87-CA4557B3F5AD}.Ad-Hoc|ARM.ActiveCfg = Ad-Hoc|iPhone
		{A9C09B47-7704-418A-8E87-CA4557B3F5AD}.Ad-Hoc|iPhone.ActiveCfg = Ad-Hoc|iPhone
		{A9C09B47-7704-418A-8E87-CA4557B3F5AD}.Ad-Hoc|iPhone.Build.0 = Ad-Hoc|iPhone
		{A9C09B47-7704-418A-8E87-CA4557B3F5AD}.Ad-Hoc|iPhone.Deploy.0 = Ad-Hoc|iPhone
		{A9C09B47-7704-418A-8E87-CA4557B3F5AD}.Ad-Hoc|iPhoneSimulator.ActiveCfg = Ad-Hoc|iPhoneSimulator
		{A9C09B47-7704-418A-8E87-CA4557B3F5AD}.Ad-Hoc|iPhoneSimulator.Build.0 = Ad-Hoc|iPhoneSimulator
		{A9C09B47-7704-418A-8E87-CA4557B3F5AD}.Ad-Hoc|iPhoneSimulator.Deploy.0 = Ad-Hoc|iPhoneSimulator
		{A9C09B47-7704-418A-8E87-CA4557B3F5AD}.Ad-Hoc|Mixed Platforms.ActiveCfg = Ad-Hoc|iPhone
		{A9C09B47-7704-418A-8E87-CA4557B3F5AD}.Ad-Hoc|Mixed Platforms.Build.0 = Ad-Hoc|iPhone
		{A9C09B47-7704-418A-8E87-CA4557B3F5AD}.Ad-Hoc|Mixed Platforms.Deploy.0 = Ad-Hoc|iPhone
		{A9C09B47-7704-418A-8E87-CA4557B3F5AD}.Ad-Hoc|x86.ActiveCfg = Ad-Hoc|iPhone
		{A9C09B47-7704-418A-8E87-CA4557B3F5AD}.AppStore|Any CPU.ActiveCfg = AppStore|iPhone
		{A9C09B47-7704-418A-8E87-CA4557B3F5AD}.AppStore|ARM.ActiveCfg = AppStore|iPhone
		{A9C09B47-7704-418A-8E87-CA4557B3F5AD}.AppStore|iPhone.ActiveCfg = AppStore|iPhone
		{A9C09B47-7704-418A-8E87-CA4557B3F5AD}.AppStore|iPhone.Build.0 = AppStore|iPhone
		{A9C09B47-7704-418A-8E87-CA4557B3F5AD}.AppStore|iPhone.Deploy.0 = AppStore|iPhone
		{A9C09B47-7704-418A-8E87-CA4557B3F5AD}.AppStore|iPhoneSimulator.ActiveCfg = AppStore|iPhoneSimulator
		{A9C09B47-7704-418A-8E87-CA4557B3F5AD}.AppStore|iPhoneSimulator.Build.0 = AppStore|iPhoneSimulator
		{A9C09B47-7704-418A-8E87-CA4557B3F5AD}.AppStore|iPhoneSimulator.Deploy.0 = AppStore|iPhoneSimulator
		{A9C09B47-7704-418A-8E87-CA4557B3F5AD}.AppStore|Mixed Platforms.ActiveCfg = AppStore|iPhone
		{A9C09B47-7704-418A-8E87-CA4557B3F5AD}.AppStore|Mixed Platforms.Build.0 = AppStore|iPhone
		{A9C09B47-7704-418A-8E87-CA4557B3F5AD}.AppStore|Mixed Platforms.Deploy.0 = AppStore|iPhone
		{A9C09B47-7704-418A-8E87-CA4557B3F5AD}.AppStore|x86.ActiveCfg = AppStore|iPhone
		{A9C09B47-7704-418A-8E87-CA4557B3F5AD}.Debug|Any CPU.ActiveCfg = Debug|iPhone
		{A9C09B47-7704-418A-8E87-CA4557B3F5AD}.Debug|ARM.ActiveCfg = Debug|iPhone
		{A9C09B47-7704-418A-8E87-CA4557B3F5AD}.Debug|iPhone.ActiveCfg = Debug|iPhone
		{A9C09B47-7704-418A-8E87-CA4557B3F5AD}.Debug|iPhone.Build.0 = Debug|iPhone
		{A9C09B47-7704-418A-8E87-CA4557B3F5AD}.Debug|iPhone.Deploy.0 = Debug|iPhone
		{A9C09B47-7704-418A-8E87-CA4557B3F5AD}.Debug|iPhoneSimulator.ActiveCfg = Debug|iPhoneSimulator
		{A9C09B47-7704-418A-8E87-CA4557B3F5AD}.Debug|iPhoneSimulator.Build.0 = Debug|iPhoneSimulator
		{A9C09B47-7704-418A-8E87-CA4557B3F5AD}.Debug|iPhoneSimulator.Deploy.0 = Debug|iPhoneSimulator
		{A9C09B47-7704-418A-8E87-CA4557B3F5AD}.Debug|Mixed Platforms.ActiveCfg = Debug|iPhone
		{A9C09B47-7704-418A-8E87-CA4557B3F5AD}.Debug|x86.ActiveCfg = Debug|iPhone
		{A9C09B47-7704-418A-8E87-CA4557B3F5AD}.Release|Any CPU.ActiveCfg = Release|iPhone
		{A9C09B47-7704-418A-8E87-CA4557B3F5AD}.Release|ARM.ActiveCfg = Release|iPhone
		{A9C09B47-7704-418A-8E87-CA4557B3F5AD}.Release|iPhone.ActiveCfg = Release|iPhone
		{A9C09B47-7704-418A-8E87-CA4557B3F5AD}.Release|iPhone.Build.0 = Release|iPhone
		{A9C09B47-7704-418A-8E87-CA4557B3F5AD}.Release|iPhone.Deploy.0 = Release|iPhone
		{A9C09B47-7704-418A-8E87-CA4557B3F5AD}.Release|iPhoneSimulator.ActiveCfg = Release|iPhoneSimulator
		{A9C09B47-7704-418A-8E87-CA4557B3F5AD}.Release|iPhoneSimulator.Build.0 = Release|iPhoneSimulator
		{A9C09B47-7704-418A-8E87-CA4557B3F5AD}.Release|iPhoneSimulator.Deploy.0 = Release|iPhoneSimulator
		{A9C09B47-7704-418A-8E87-CA4557B3F5AD}.Release|Mixed Platforms.ActiveCfg = Release|iPhone
		{A9C09B47-7704-418A-8E87-CA4557B3F5AD}.Release|Mixed Platforms.Build.0 = Release|iPhone
		{A9C09B47-7704-418A-8E87-CA4557B3F5AD}.Release|Mixed Platforms.Deploy.0 = Release|iPhone
		{A9C09B47-7704-418A-8E87-CA4557B3F5AD}.Release|x86.ActiveCfg = Release|iPhone
		{4E746C95-C187-4012-B4E3-67A4A6BA0B27}.Ad-Hoc|Any CPU.ActiveCfg = Release|Any CPU
		{4E746C95-C187-4012-B4E3-67A4A6BA0B27}.Ad-Hoc|Any CPU.Build.0 = Release|Any CPU
		{4E746C95-C187-4012-B4E3-67A4A6BA0B27}.Ad-Hoc|Any CPU.Deploy.0 = Release|Any CPU
		{4E746C95-C187-4012-B4E3-67A4A6BA0B27}.Ad-Hoc|ARM.ActiveCfg = Release|Any CPU
		{4E746C95-C187-4012-B4E3-67A4A6BA0B27}.Ad-Hoc|iPhone.ActiveCfg = Release|Any CPU
		{4E746C95-C187-4012-B4E3-67A4A6BA0B27}.Ad-Hoc|iPhoneSimulator.ActiveCfg = Release|Any CPU
		{4E746C95-C187-4012-B4E3-67A4A6BA0B27}.Ad-Hoc|Mixed Platforms.ActiveCfg = Release|Any CPU
		{4E746C95-C187-4012-B4E3-67A4A6BA0B27}.Ad-Hoc|Mixed Platforms.Build.0 = Release|Any CPU
		{4E746C95-C187-4012-B4E3-67A4A6BA0B27}.Ad-Hoc|Mixed Platforms.Deploy.0 = Release|Any CPU
		{4E746C95-C187-4012-B4E3-67A4A6BA0B27}.Ad-Hoc|x86.ActiveCfg = Release|Any CPU
		{4E746C95-C187-4012-B4E3-67A4A6BA0B27}.AppStore|Any CPU.ActiveCfg = Release|Any CPU
		{4E746C95-C187-4012-B4E3-67A4A6BA0B27}.AppStore|Any CPU.Build.0 = Release|Any CPU
		{4E746C95-C187-4012-B4E3-67A4A6BA0B27}.AppStore|Any CPU.Deploy.0 = Release|Any CPU
		{4E746C95-C187-4012-B4E3-67A4A6BA0B27}.AppStore|ARM.ActiveCfg = Release|Any CPU
		{4E746C95-C187-4012-B4E3-67A4A6BA0B27}.AppStore|iPhone.ActiveCfg = Release|Any CPU
		{4E746C95-C187-4012-B4E3-67A4A6BA0B27}.AppStore|iPhoneSimulator.ActiveCfg = Release|Any CPU
		{4E746C95-C187-4012-B4E3-67A4A6BA0B27}.AppStore|Mixed Platforms.ActiveCfg = Release|Any CPU
		{4E746C95-C187-4012-B4E3-67A4A6BA0B27}.AppStore|Mixed Platforms.Build.0 = Release|Any CPU
		{4E746C95-C187-4012-B4E3-67A4A6BA0B27}.AppStore|Mixed Platforms.Deploy.0 = Release|Any CPU
		{4E746C95-C187-4012-B4E3-67A4A6BA0B27}.AppStore|x86.ActiveCfg = Release|Any CPU
		{4E746C95-C187-4012-B4E3-67A4A6BA0B27}.Debug|Any CPU.ActiveCfg = Debug|Any CPU
		{4E746C95-C187-4012-B4E3-67A4A6BA0B27}.Debug|Any CPU.Build.0 = Debug|Any CPU
		{4E746C95-C187-4012-B4E3-67A4A6BA0B27}.Debug|Any CPU.Deploy.0 = Debug|Any CPU
		{4E746C95-C187-4012-B4E3-67A4A6BA0B27}.Debug|ARM.ActiveCfg = Debug|Any CPU
		{4E746C95-C187-4012-B4E3-67A4A6BA0B27}.Debug|iPhone.ActiveCfg = Debug|Any CPU
		{4E746C95-C187-4012-B4E3-67A4A6BA0B27}.Debug|iPhoneSimulator.ActiveCfg = Debug|Any CPU
		{4E746C95-C187-4012-B4E3-67A4A6BA0B27}.Debug|Mixed Platforms.ActiveCfg = Debug|Any CPU
		{4E746C95-C187-4012-B4E3-67A4A6BA0B27}.Debug|x86.ActiveCfg = Debug|Any CPU
		{4E746C95-C187-4012-B4E3-67A4A6BA0B27}.Release|Any CPU.ActiveCfg = Release|Any CPU
		{4E746C95-C187-4012-B4E3-67A4A6BA0B27}.Release|Any CPU.Build.0 = Release|Any CPU
		{4E746C95-C187-4012-B4E3-67A4A6BA0B27}.Release|Any CPU.Deploy.0 = Release|Any CPU
		{4E746C95-C187-4012-B4E3-67A4A6BA0B27}.Release|ARM.ActiveCfg = Release|Any CPU
		{4E746C95-C187-4012-B4E3-67A4A6BA0B27}.Release|iPhone.ActiveCfg = Release|Any CPU
		{4E746C95-C187-4012-B4E3-67A4A6BA0B27}.Release|iPhoneSimulator.ActiveCfg = Release|Any CPU
		{4E746C95-C187-4012-B4E3-67A4A6BA0B27}.Release|Mixed Platforms.ActiveCfg = Release|Any CPU
		{4E746C95-C187-4012-B4E3-67A4A6BA0B27}.Release|Mixed Platforms.Build.0 = Release|Any CPU
		{4E746C95-C187-4012-B4E3-67A4A6BA0B27}.Release|Mixed Platforms.Deploy.0 = Release|Any CPU
		{4E746C95-C187-4012-B4E3-67A4A6BA0B27}.Release|x86.ActiveCfg = Release|Any CPU
		{042BBC5D-479F-4927-BC27-A13857FCCCBB}.Ad-Hoc|Any CPU.ActiveCfg = Release|Any CPU
		{042BBC5D-479F-4927-BC27-A13857FCCCBB}.Ad-Hoc|Any CPU.Build.0 = Release|Any CPU
		{042BBC5D-479F-4927-BC27-A13857FCCCBB}.Ad-Hoc|Any CPU.Deploy.0 = Release|Any CPU
		{042BBC5D-479F-4927-BC27-A13857FCCCBB}.Ad-Hoc|ARM.ActiveCfg = Release|ARM
		{042BBC5D-479F-4927-BC27-A13857FCCCBB}.Ad-Hoc|ARM.Build.0 = Release|ARM
		{042BBC5D-479F-4927-BC27-A13857FCCCBB}.Ad-Hoc|ARM.Deploy.0 = Release|ARM
		{042BBC5D-479F-4927-BC27-A13857FCCCBB}.Ad-Hoc|iPhone.ActiveCfg = Release|Any CPU
		{042BBC5D-479F-4927-BC27-A13857FCCCBB}.Ad-Hoc|iPhoneSimulator.ActiveCfg = Release|Any CPU
		{042BBC5D-479F-4927-BC27-A13857FCCCBB}.Ad-Hoc|Mixed Platforms.ActiveCfg = Release|x86
		{042BBC5D-479F-4927-BC27-A13857FCCCBB}.Ad-Hoc|Mixed Platforms.Build.0 = Release|x86
		{042BBC5D-479F-4927-BC27-A13857FCCCBB}.Ad-Hoc|Mixed Platforms.Deploy.0 = Release|x86
		{042BBC5D-479F-4927-BC27-A13857FCCCBB}.Ad-Hoc|x86.ActiveCfg = Release|x86
		{042BBC5D-479F-4927-BC27-A13857FCCCBB}.Ad-Hoc|x86.Build.0 = Release|x86
		{042BBC5D-479F-4927-BC27-A13857FCCCBB}.Ad-Hoc|x86.Deploy.0 = Release|x86
		{042BBC5D-479F-4927-BC27-A13857FCCCBB}.AppStore|Any CPU.ActiveCfg = Release|Any CPU
		{042BBC5D-479F-4927-BC27-A13857FCCCBB}.AppStore|Any CPU.Build.0 = Release|Any CPU
		{042BBC5D-479F-4927-BC27-A13857FCCCBB}.AppStore|Any CPU.Deploy.0 = Release|Any CPU
		{042BBC5D-479F-4927-BC27-A13857FCCCBB}.AppStore|ARM.ActiveCfg = Release|ARM
		{042BBC5D-479F-4927-BC27-A13857FCCCBB}.AppStore|ARM.Build.0 = Release|ARM
		{042BBC5D-479F-4927-BC27-A13857FCCCBB}.AppStore|ARM.Deploy.0 = Release|ARM
		{042BBC5D-479F-4927-BC27-A13857FCCCBB}.AppStore|iPhone.ActiveCfg = Release|Any CPU
		{042BBC5D-479F-4927-BC27-A13857FCCCBB}.AppStore|iPhoneSimulator.ActiveCfg = Release|Any CPU
		{042BBC5D-479F-4927-BC27-A13857FCCCBB}.AppStore|Mixed Platforms.ActiveCfg = Release|x86
		{042BBC5D-479F-4927-BC27-A13857FCCCBB}.AppStore|Mixed Platforms.Build.0 = Release|x86
		{042BBC5D-479F-4927-BC27-A13857FCCCBB}.AppStore|Mixed Platforms.Deploy.0 = Release|x86
		{042BBC5D-479F-4927-BC27-A13857FCCCBB}.AppStore|x86.ActiveCfg = Release|x86
		{042BBC5D-479F-4927-BC27-A13857FCCCBB}.AppStore|x86.Build.0 = Release|x86
		{042BBC5D-479F-4927-BC27-A13857FCCCBB}.AppStore|x86.Deploy.0 = Release|x86
		{042BBC5D-479F-4927-BC27-A13857FCCCBB}.Debug|Any CPU.ActiveCfg = Debug|Any CPU
		{042BBC5D-479F-4927-BC27-A13857FCCCBB}.Debug|Any CPU.Build.0 = Debug|Any CPU
		{042BBC5D-479F-4927-BC27-A13857FCCCBB}.Debug|Any CPU.Deploy.0 = Debug|Any CPU
		{042BBC5D-479F-4927-BC27-A13857FCCCBB}.Debug|ARM.ActiveCfg = Debug|ARM
		{042BBC5D-479F-4927-BC27-A13857FCCCBB}.Debug|ARM.Build.0 = Debug|ARM
		{042BBC5D-479F-4927-BC27-A13857FCCCBB}.Debug|ARM.Deploy.0 = Debug|ARM
		{042BBC5D-479F-4927-BC27-A13857FCCCBB}.Debug|iPhone.ActiveCfg = Debug|Any CPU
		{042BBC5D-479F-4927-BC27-A13857FCCCBB}.Debug|iPhoneSimulator.ActiveCfg = Debug|Any CPU
		{042BBC5D-479F-4927-BC27-A13857FCCCBB}.Debug|Mixed Platforms.ActiveCfg = Debug|x86
		{042BBC5D-479F-4927-BC27-A13857FCCCBB}.Debug|Mixed Platforms.Build.0 = Debug|x86
		{042BBC5D-479F-4927-BC27-A13857FCCCBB}.Debug|Mixed Platforms.Deploy.0 = Debug|x86
		{042BBC5D-479F-4927-BC27-A13857FCCCBB}.Debug|x86.ActiveCfg = Debug|x86
		{042BBC5D-479F-4927-BC27-A13857FCCCBB}.Debug|x86.Build.0 = Debug|x86
		{042BBC5D-479F-4927-BC27-A13857FCCCBB}.Debug|x86.Deploy.0 = Debug|x86
		{042BBC5D-479F-4927-BC27-A13857FCCCBB}.Release|Any CPU.ActiveCfg = Release|Any CPU
		{042BBC5D-479F-4927-BC27-A13857FCCCBB}.Release|Any CPU.Build.0 = Release|Any CPU
		{042BBC5D-479F-4927-BC27-A13857FCCCBB}.Release|Any CPU.Deploy.0 = Release|Any CPU
		{042BBC5D-479F-4927-BC27-A13857FCCCBB}.Release|ARM.ActiveCfg = Release|ARM
		{042BBC5D-479F-4927-BC27-A13857FCCCBB}.Release|ARM.Build.0 = Release|ARM
		{042BBC5D-479F-4927-BC27-A13857FCCCBB}.Release|ARM.Deploy.0 = Release|ARM
		{042BBC5D-479F-4927-BC27-A13857FCCCBB}.Release|iPhone.ActiveCfg = Release|Any CPU
		{042BBC5D-479F-4927-BC27-A13857FCCCBB}.Release|iPhoneSimulator.ActiveCfg = Release|Any CPU
		{042BBC5D-479F-4927-BC27-A13857FCCCBB}.Release|Mixed Platforms.ActiveCfg = Release|x86
		{042BBC5D-479F-4927-BC27-A13857FCCCBB}.Release|Mixed Platforms.Build.0 = Release|x86
		{042BBC5D-479F-4927-BC27-A13857FCCCBB}.Release|Mixed Platforms.Deploy.0 = Release|x86
		{042BBC5D-479F-4927-BC27-A13857FCCCBB}.Release|x86.ActiveCfg = Release|x86
		{042BBC5D-479F-4927-BC27-A13857FCCCBB}.Release|x86.Build.0 = Release|x86
		{042BBC5D-479F-4927-BC27-A13857FCCCBB}.Release|x86.Deploy.0 = Release|x86
	EndGlobalSection
	GlobalSection(SolutionProperties) = preSolution
		HideSolutionNode = FALSE
	EndGlobalSection
EndGlobal
>>>>>>> 8b2a16313c570a696ccd3b0c72209f96b7fb03cd
